
Microsoft Visual Studio Solution File, Format Version 12.00
# Visual Studio 15
VisualStudioVersion = 15.0.27004.2005
MinimumVisualStudioVersion = 10.0.40219.1
Project("{A07B5EB6-E848-4116-A8D0-A826331D98C6}") = "MyFabric.Partitions", "MyFabric.Partitions\MyFabric.Partitions.sfproj", "{339CAEB2-9089-4F01-9BB2-111A6B7E4930}"
EndProject
Project("{FAE04EC0-301F-11D3-BF4B-00C04F79EFBC}") = "MyStatefull", "MyStateful\MyStatefull.csproj", "{1EA69D0E-F9F4-4424-BFDC-B07B8D792EB0}"
EndProject
Project("{FAE04EC0-301F-11D3-BF4B-00C04F79EFBC}") = "MyStateless", "MyStateless\MyStateless.csproj", "{66A9CD20-D17E-4157-B523-77BA16E433E5}"
EndProject
Project("{2150E333-8FDC-42A3-9474-1A3956D46DE8}") = "Solution Items", "Solution Items", "{0DF3B8BA-0F5A-41EB-ADD4-D3F8067DEBD9}"
	ProjectSection(SolutionItems) = preProject
		README.md = README.md
	EndProjectSection
EndProject
Global
	GlobalSection(SolutionConfigurationPlatforms) = preSolution
		Debug|x64 = Debug|x64
		Release|x64 = Release|x64
	EndGlobalSection
	GlobalSection(ProjectConfigurationPlatforms) = postSolution
		{339CAEB2-9089-4F01-9BB2-111A6B7E4930}.Debug|x64.ActiveCfg = Debug|x64
		{339CAEB2-9089-4F01-9BB2-111A6B7E4930}.Debug|x64.Build.0 = Debug|x64
		{339CAEB2-9089-4F01-9BB2-111A6B7E4930}.Debug|x64.Deploy.0 = Debug|x64
		{339CAEB2-9089-4F01-9BB2-111A6B7E4930}.Release|x64.ActiveCfg = Release|x64
		{339CAEB2-9089-4F01-9BB2-111A6B7E4930}.Release|x64.Build.0 = Release|x64
		{339CAEB2-9089-4F01-9BB2-111A6B7E4930}.Release|x64.Deploy.0 = Release|x64
		{1EA69D0E-F9F4-4424-BFDC-B07B8D792EB0}.Debug|x64.ActiveCfg = Debug|x64
		{1EA69D0E-F9F4-4424-BFDC-B07B8D792EB0}.Debug|x64.Build.0 = Debug|x64
		{1EA69D0E-F9F4-4424-BFDC-B07B8D792EB0}.Release|x64.ActiveCfg = Release|x64
		{1EA69D0E-F9F4-4424-BFDC-B07B8D792EB0}.Release|x64.Build.0 = Release|x64
		{66A9CD20-D17E-4157-B523-77BA16E433E5}.Debug|x64.ActiveCfg = Debug|x64
		{66A9CD20-D17E-4157-B523-77BA16E433E5}.Debug|x64.Build.0 = Debug|x64
		{66A9CD20-D17E-4157-B523-77BA16E433E5}.Release|x64.ActiveCfg = Release|x64
		{66A9CD20-D17E-4157-B523-77BA16E433E5}.Release|x64.Build.0 = Release|x64
	EndGlobalSection
	GlobalSection(SolutionProperties) = preSolution
		HideSolutionNode = FALSE
	EndGlobalSection
	GlobalSection(ExtensibilityGlobals) = postSolution
		SolutionGuid = {97FFC5FF-8361-4770-B1C8-4DF7B2EC43C6}
	EndGlobalSection
EndGlobal
